// !$*UTF8*$!
{
	archiveVersion = 1;
	classes = {
	};
	objectVersion = 46;
	objects = {

/* Begin PBXBuildFile section */
		16123E8E1CC605B800031557 /* BaseViewController.m in Sources */ = {isa = PBXBuildFile; fileRef = 16123E8B1CC605B800031557 /* BaseViewController.m */; };
		16123E911CC60BC100031557 /* record@2x.png in Resources */ = {isa = PBXBuildFile; fileRef = 16123E901CC60BC100031557 /* record@2x.png */; };
		16123E971CC60E3A00031557 /* capture_flip@2x.png in Resources */ = {isa = PBXBuildFile; fileRef = 16123E921CC60E3A00031557 /* capture_flip@2x.png */; };
		16123E981CC60E3A00031557 /* capture_rec_base@2x.png in Resources */ = {isa = PBXBuildFile; fileRef = 16123E931CC60E3A00031557 /* capture_rec_base@2x.png */; };
		16123E991CC60E3A00031557 /* capture_rec_blink@2x.png in Resources */ = {isa = PBXBuildFile; fileRef = 16123E941CC60E3A00031557 /* capture_rec_blink@2x.png */; };
		16123E9A1CC60E3A00031557 /* capture_rec_off@2x.png in Resources */ = {isa = PBXBuildFile; fileRef = 16123E951CC60E3A00031557 /* capture_rec_off@2x.png */; };
		16123E9B1CC60E3A00031557 /* capture_yep@2x.png in Resources */ = {isa = PBXBuildFile; fileRef = 16123E961CC60E3A00031557 /* capture_yep@2x.png */; };
		83CFFB057C7C18326C4C140D /* libPods.a in Frameworks */ = {isa = PBXBuildFile; fileRef = B58595A12D734313BC2B5512 /* libPods.a */; };
		AA0B200A1CCCCF3000E1AAD1 /* NSDate+SMDate.m in Sources */ = {isa = PBXBuildFile; fileRef = AA0B20051CCCCF3000E1AAD1 /* NSDate+SMDate.m */; };
		AA0B200B1CCCCF3000E1AAD1 /* UIControl+RepeatClick.m in Sources */ = {isa = PBXBuildFile; fileRef = AA0B20071CCCCF3000E1AAD1 /* UIControl+RepeatClick.m */; };
		AA0B200C1CCCCF3000E1AAD1 /* Utils.m in Sources */ = {isa = PBXBuildFile; fileRef = AA0B20091CCCCF3000E1AAD1 /* Utils.m */; };
		AA0B20121CCCCFA300E1AAD1 /* MBMessageTip.m in Sources */ = {isa = PBXBuildFile; fileRef = AA0B200F1CCCCFA300E1AAD1 /* MBMessageTip.m */; };
		AA0B20131CCCCFA300E1AAD1 /* MBProgressHUD.m in Sources */ = {isa = PBXBuildFile; fileRef = AA0B20111CCCCFA300E1AAD1 /* MBProgressHUD.m */; };
		AA0B201E1CCCD1F100E1AAD1 /* back_button.png in Resources */ = {isa = PBXBuildFile; fileRef = AA0B20151CCCD1F100E1AAD1 /* back_button.png */; };
		AA0B201F1CCCD1F100E1AAD1 /* default_image_road.png in Resources */ = {isa = PBXBuildFile; fileRef = AA0B20161CCCD1F100E1AAD1 /* default_image_road.png */; };
		AA0B20201CCCD1F100E1AAD1 /* IMG_0199.PNG in Resources */ = {isa = PBXBuildFile; fileRef = AA0B20171CCCD1F100E1AAD1 /* IMG_0199.PNG */; };
		AA0B20211CCCD1F100E1AAD1 /* me.png in Resources */ = {isa = PBXBuildFile; fileRef = AA0B20181CCCD1F100E1AAD1 /* me.png */; };
		AA0B20221CCCD1F100E1AAD1 /* person_background.png in Resources */ = {isa = PBXBuildFile; fileRef = AA0B20191CCCD1F100E1AAD1 /* person_background.png */; };
		AA0B20231CCCD1F100E1AAD1 /* play_start.png in Resources */ = {isa = PBXBuildFile; fileRef = AA0B201A1CCCD1F100E1AAD1 /* play_start.png */; };
		AA0B20241CCCD1F100E1AAD1 /* play_start@2x.png in Resources */ = {isa = PBXBuildFile; fileRef = AA0B201B1CCCD1F100E1AAD1 /* play_start@2x.png */; };
		AA0B20251CCCD1F100E1AAD1 /* play_stop.png in Resources */ = {isa = PBXBuildFile; fileRef = AA0B201C1CCCD1F100E1AAD1 /* play_stop.png */; };
		AA0B20261CCCD1F100E1AAD1 /* play_stop@2x.png in Resources */ = {isa = PBXBuildFile; fileRef = AA0B201D1CCCD1F100E1AAD1 /* play_stop@2x.png */; };
		AA0B20281CCCD72100E1AAD1 /* play_next.png in Resources */ = {isa = PBXBuildFile; fileRef = AA0B20271CCCD72100E1AAD1 /* play_next.png */; };
		AA0B202B1CCCE6EA00E1AAD1 /* ViewController.m in Sources */ = {isa = PBXBuildFile; fileRef = AA0B202A1CCCE6EA00E1AAD1 /* ViewController.m */; };
		AA0B202E1CCCEF9C00E1AAD1 /* RecoadListViewController.m in Sources */ = {isa = PBXBuildFile; fileRef = AA0B202D1CCCEF9C00E1AAD1 /* RecoadListViewController.m */; };
		AA0B20321CCCF3E600E1AAD1 /* SMAVPlayerViewController.m in Sources */ = {isa = PBXBuildFile; fileRef = AA0B20301CCCF3E600E1AAD1 /* SMAVPlayerViewController.m */; };
		AA0B20331CCCF3E600E1AAD1 /* SMAVPlayerViewController.xib in Resources */ = {isa = PBXBuildFile; fileRef = AA0B20311CCCF3E600E1AAD1 /* SMAVPlayerViewController.xib */; };
		AA0B20371CCCF45600E1AAD1 /* SMSliderBar.m in Sources */ = {isa = PBXBuildFile; fileRef = AA0B20361CCCF45600E1AAD1 /* SMSliderBar.m */; };
		AA0B203E1CCCF49700E1AAD1 /* UserVideo.m in Sources */ = {isa = PBXBuildFile; fileRef = AA0B20391CCCF49600E1AAD1 /* UserVideo.m */; };
		AA0B203F1CCCF49700E1AAD1 /* VedioHistory.m in Sources */ = {isa = PBXBuildFile; fileRef = AA0B203B1CCCF49600E1AAD1 /* VedioHistory.m */; };
		AA0B20401CCCF49700E1AAD1 /* VedioModel.m in Sources */ = {isa = PBXBuildFile; fileRef = AA0B203D1CCCF49700E1AAD1 /* VedioModel.m */; };
		AA0B20431CCCF88500E1AAD1 /* CollectionViewCell.m in Sources */ = {isa = PBXBuildFile; fileRef = AA0B20421CCCF88500E1AAD1 /* CollectionViewCell.m */; };
		AA2019C31CC0814500236A4D /* main.m in Sources */ = {isa = PBXBuildFile; fileRef = AA2019C21CC0814500236A4D /* main.m */; };
		AA2019C61CC0814500236A4D /* AppDelegate.m in Sources */ = {isa = PBXBuildFile; fileRef = AA2019C51CC0814500236A4D /* AppDelegate.m */; };
		AA2019CE1CC0814500236A4D /* Assets.xcassets in Resources */ = {isa = PBXBuildFile; fileRef = AA2019CD1CC0814500236A4D /* Assets.xcassets */; };
		AA2019DC1CC0814500236A4D /* videoDemoTests.m in Sources */ = {isa = PBXBuildFile; fileRef = AA2019DB1CC0814500236A4D /* videoDemoTests.m */; };
		AA2019E71CC0814500236A4D /* videoDemoUITests.m in Sources */ = {isa = PBXBuildFile; fileRef = AA2019E61CC0814500236A4D /* videoDemoUITests.m */; };
		AA3646631CCC6796005383EB /* menuViewController.m in Sources */ = {isa = PBXBuildFile; fileRef = AA3646621CCC6796005383EB /* menuViewController.m */; };
		AA3646771CCC77B9005383EB /* StoryCell.m in Sources */ = {isa = PBXBuildFile; fileRef = AA3646761CCC77B9005383EB /* StoryCell.m */; };
		AA36467A1CCC7930005383EB /* StoryModel.m in Sources */ = {isa = PBXBuildFile; fileRef = AA3646791CCC7930005383EB /* StoryModel.m */; };
		AA78E8141CC271D4005722A0 /* start@2x.png in Resources */ = {isa = PBXBuildFile; fileRef = AA78E8131CC271D4005722A0 /* start@2x.png */; };
		AA78E8161CC271DA005722A0 /* stop@2x.png in Resources */ = {isa = PBXBuildFile; fileRef = AA78E8151CC271DA005722A0 /* stop@2x.png */; };
		AA78E8191CC274CC005722A0 /* forward@2x.png in Resources */ = {isa = PBXBuildFile; fileRef = AA78E8171CC274CC005722A0 /* forward@2x.png */; };
		AA78E81A1CC274CC005722A0 /* back@2x.png in Resources */ = {isa = PBXBuildFile; fileRef = AA78E8181CC274CC005722A0 /* back@2x.png */; };
		AA7A53671CC319FB00A7B5BE /* PBJStrobeView.m in Sources */ = {isa = PBXBuildFile; fileRef = AA7A53601CC319FB00A7B5BE /* PBJStrobeView.m */; };
		AA7A53681CC319FB00A7B5BE /* PBJViewController.m in Sources */ = {isa = PBXBuildFile; fileRef = AA7A53621CC319FB00A7B5BE /* PBJViewController.m */; };
		AA7A53691CC319FB00A7B5BE /* PBJVision.m in Sources */ = {isa = PBXBuildFile; fileRef = AA7A53641CC319FB00A7B5BE /* PBJVision.m */; };
		AA7A536A1CC319FB00A7B5BE /* PBJVisionUtilities.m in Sources */ = {isa = PBXBuildFile; fileRef = AA7A53661CC319FB00A7B5BE /* PBJVisionUtilities.m */; };
		AA90CF2D1CC237A600F32BF5 /* ora_startup_movie.mp4 in Resources */ = {isa = PBXBuildFile; fileRef = AA90CF2C1CC237A600F32BF5 /* ora_startup_movie.mp4 */; };
/* End PBXBuildFile section */

/* Begin PBXContainerItemProxy section */
		AA2019D81CC0814500236A4D /* PBXContainerItemProxy */ = {
			isa = PBXContainerItemProxy;
			containerPortal = AA2019B61CC0814500236A4D /* Project object */;
			proxyType = 1;
			remoteGlobalIDString = AA2019BD1CC0814500236A4D;
			remoteInfo = videoDemo;
		};
		AA2019E31CC0814500236A4D /* PBXContainerItemProxy */ = {
			isa = PBXContainerItemProxy;
			containerPortal = AA2019B61CC0814500236A4D /* Project object */;
			proxyType = 1;
			remoteGlobalIDString = AA2019BD1CC0814500236A4D;
			remoteInfo = videoDemo;
		};
/* End PBXContainerItemProxy section */

/* Begin PBXFileReference section */
		16123E8A1CC605B800031557 /* BaseViewController.h */ = {isa = PBXFileReference; fileEncoding = 4; lastKnownFileType = sourcecode.c.h; path = BaseViewController.h; sourceTree = "<group>"; };
		16123E8B1CC605B800031557 /* BaseViewController.m */ = {isa = PBXFileReference; fileEncoding = 4; lastKnownFileType = sourcecode.c.objc; path = BaseViewController.m; sourceTree = "<group>"; };
		16123E901CC60BC100031557 /* record@2x.png */ = {isa = PBXFileReference; lastKnownFileType = image.png; path = "record@2x.png"; sourceTree = "<group>"; };
		16123E921CC60E3A00031557 /* capture_flip@2x.png */ = {isa = PBXFileReference; lastKnownFileType = image.png; path = "capture_flip@2x.png"; sourceTree = "<group>"; };
		16123E931CC60E3A00031557 /* capture_rec_base@2x.png */ = {isa = PBXFileReference; lastKnownFileType = image.png; path = "capture_rec_base@2x.png"; sourceTree = "<group>"; };
		16123E941CC60E3A00031557 /* capture_rec_blink@2x.png */ = {isa = PBXFileReference; lastKnownFileType = image.png; path = "capture_rec_blink@2x.png"; sourceTree = "<group>"; };
		16123E951CC60E3A00031557 /* capture_rec_off@2x.png */ = {isa = PBXFileReference; lastKnownFileType = image.png; path = "capture_rec_off@2x.png"; sourceTree = "<group>"; };
		16123E961CC60E3A00031557 /* capture_yep@2x.png */ = {isa = PBXFileReference; lastKnownFileType = image.png; path = "capture_yep@2x.png"; sourceTree = "<group>"; };
		4A1DA8651CA8C80BBB80AA46 /* Pods.debug.xcconfig */ = {isa = PBXFileReference; includeInIndex = 1; lastKnownFileType = text.xcconfig; name = Pods.debug.xcconfig; path = "Pods/Target Support Files/Pods/Pods.debug.xcconfig"; sourceTree = "<group>"; };
		64C422380631CB50D5CB98F6 /* Pods.release.xcconfig */ = {isa = PBXFileReference; includeInIndex = 1; lastKnownFileType = text.xcconfig; name = Pods.release.xcconfig; path = "Pods/Target Support Files/Pods/Pods.release.xcconfig"; sourceTree = "<group>"; };
		AA0B20041CCCCF3000E1AAD1 /* NSDate+SMDate.h */ = {isa = PBXFileReference; fileEncoding = 4; lastKnownFileType = sourcecode.c.h; path = "NSDate+SMDate.h"; sourceTree = "<group>"; };
		AA0B20051CCCCF3000E1AAD1 /* NSDate+SMDate.m */ = {isa = PBXFileReference; fileEncoding = 4; lastKnownFileType = sourcecode.c.objc; path = "NSDate+SMDate.m"; sourceTree = "<group>"; };
		AA0B20061CCCCF3000E1AAD1 /* UIControl+RepeatClick.h */ = {isa = PBXFileReference; fileEncoding = 4; lastKnownFileType = sourcecode.c.h; path = "UIControl+RepeatClick.h"; sourceTree = "<group>"; };
		AA0B20071CCCCF3000E1AAD1 /* UIControl+RepeatClick.m */ = {isa = PBXFileReference; fileEncoding = 4; lastKnownFileType = sourcecode.c.objc; path = "UIControl+RepeatClick.m"; sourceTree = "<group>"; };
		AA0B20081CCCCF3000E1AAD1 /* Utils.h */ = {isa = PBXFileReference; fileEncoding = 4; lastKnownFileType = sourcecode.c.h; path = Utils.h; sourceTree = "<group>"; };
		AA0B20091CCCCF3000E1AAD1 /* Utils.m */ = {isa = PBXFileReference; fileEncoding = 4; lastKnownFileType = sourcecode.c.objc; path = Utils.m; sourceTree = "<group>"; };
		AA0B200E1CCCCFA300E1AAD1 /* MBMessageTip.h */ = {isa = PBXFileReference; fileEncoding = 4; lastKnownFileType = sourcecode.c.h; path = MBMessageTip.h; sourceTree = "<group>"; };
		AA0B200F1CCCCFA300E1AAD1 /* MBMessageTip.m */ = {isa = PBXFileReference; fileEncoding = 4; lastKnownFileType = sourcecode.c.objc; path = MBMessageTip.m; sourceTree = "<group>"; };
		AA0B20101CCCCFA300E1AAD1 /* MBProgressHUD.h */ = {isa = PBXFileReference; fileEncoding = 4; lastKnownFileType = sourcecode.c.h; path = MBProgressHUD.h; sourceTree = "<group>"; };
		AA0B20111CCCCFA300E1AAD1 /* MBProgressHUD.m */ = {isa = PBXFileReference; fileEncoding = 4; lastKnownFileType = sourcecode.c.objc; path = MBProgressHUD.m; sourceTree = "<group>"; };
		AA0B20151CCCD1F100E1AAD1 /* back_button.png */ = {isa = PBXFileReference; lastKnownFileType = image.png; path = back_button.png; sourceTree = "<group>"; };
		AA0B20161CCCD1F100E1AAD1 /* default_image_road.png */ = {isa = PBXFileReference; lastKnownFileType = image.png; path = default_image_road.png; sourceTree = "<group>"; };
		AA0B20171CCCD1F100E1AAD1 /* IMG_0199.PNG */ = {isa = PBXFileReference; lastKnownFileType = image.png; path = IMG_0199.PNG; sourceTree = "<group>"; };
		AA0B20181CCCD1F100E1AAD1 /* me.png */ = {isa = PBXFileReference; lastKnownFileType = image.png; path = me.png; sourceTree = "<group>"; };
		AA0B20191CCCD1F100E1AAD1 /* person_background.png */ = {isa = PBXFileReference; lastKnownFileType = image.png; path = person_background.png; sourceTree = "<group>"; };
		AA0B201A1CCCD1F100E1AAD1 /* play_start.png */ = {isa = PBXFileReference; lastKnownFileType = image.png; path = play_start.png; sourceTree = "<group>"; };
		AA0B201B1CCCD1F100E1AAD1 /* play_start@2x.png */ = {isa = PBXFileReference; lastKnownFileType = image.png; path = "play_start@2x.png"; sourceTree = "<group>"; };
		AA0B201C1CCCD1F100E1AAD1 /* play_stop.png */ = {isa = PBXFileReference; lastKnownFileType = image.png; path = play_stop.png; sourceTree = "<group>"; };
		AA0B201D1CCCD1F100E1AAD1 /* play_stop@2x.png */ = {isa = PBXFileReference; lastKnownFileType = image.png; path = "play_stop@2x.png"; sourceTree = "<group>"; };
		AA0B20271CCCD72100E1AAD1 /* play_next.png */ = {isa = PBXFileReference; lastKnownFileType = image.png; path = play_next.png; sourceTree = "<group>"; };
		AA0B20291CCCE6EA00E1AAD1 /* ViewController.h */ = {isa = PBXFileReference; fileEncoding = 4; lastKnownFileType = sourcecode.c.h; path = ViewController.h; sourceTree = "<group>"; };
		AA0B202A1CCCE6EA00E1AAD1 /* ViewController.m */ = {isa = PBXFileReference; fileEncoding = 4; lastKnownFileType = sourcecode.c.objc; path = ViewController.m; sourceTree = "<group>"; };
		AA0B202C1CCCEF9C00E1AAD1 /* RecoadListViewController.h */ = {isa = PBXFileReference; fileEncoding = 4; lastKnownFileType = sourcecode.c.h; path = RecoadListViewController.h; sourceTree = "<group>"; };
		AA0B202D1CCCEF9C00E1AAD1 /* RecoadListViewController.m */ = {isa = PBXFileReference; fileEncoding = 4; lastKnownFileType = sourcecode.c.objc; path = RecoadListViewController.m; sourceTree = "<group>"; };
		AA0B202F1CCCF3E600E1AAD1 /* SMAVPlayerViewController.h */ = {isa = PBXFileReference; fileEncoding = 4; lastKnownFileType = sourcecode.c.h; path = SMAVPlayerViewController.h; sourceTree = "<group>"; };
		AA0B20301CCCF3E600E1AAD1 /* SMAVPlayerViewController.m */ = {isa = PBXFileReference; fileEncoding = 4; lastKnownFileType = sourcecode.c.objc; path = SMAVPlayerViewController.m; sourceTree = "<group>"; };
		AA0B20311CCCF3E600E1AAD1 /* SMAVPlayerViewController.xib */ = {isa = PBXFileReference; fileEncoding = 4; lastKnownFileType = file.xib; path = SMAVPlayerViewController.xib; sourceTree = "<group>"; };
		AA0B20351CCCF45600E1AAD1 /* SMSliderBar.h */ = {isa = PBXFileReference; fileEncoding = 4; lastKnownFileType = sourcecode.c.h; path = SMSliderBar.h; sourceTree = "<group>"; };
		AA0B20361CCCF45600E1AAD1 /* SMSliderBar.m */ = {isa = PBXFileReference; fileEncoding = 4; lastKnownFileType = sourcecode.c.objc; path = SMSliderBar.m; sourceTree = "<group>"; };
		AA0B20381CCCF49600E1AAD1 /* UserVideo.h */ = {isa = PBXFileReference; fileEncoding = 4; lastKnownFileType = sourcecode.c.h; path = UserVideo.h; sourceTree = "<group>"; };
		AA0B20391CCCF49600E1AAD1 /* UserVideo.m */ = {isa = PBXFileReference; fileEncoding = 4; lastKnownFileType = sourcecode.c.objc; path = UserVideo.m; sourceTree = "<group>"; };
		AA0B203A1CCCF49600E1AAD1 /* VedioHistory.h */ = {isa = PBXFileReference; fileEncoding = 4; lastKnownFileType = sourcecode.c.h; path = VedioHistory.h; sourceTree = "<group>"; };
		AA0B203B1CCCF49600E1AAD1 /* VedioHistory.m */ = {isa = PBXFileReference; fileEncoding = 4; lastKnownFileType = sourcecode.c.objc; path = VedioHistory.m; sourceTree = "<group>"; };
		AA0B203C1CCCF49600E1AAD1 /* VedioModel.h */ = {isa = PBXFileReference; fileEncoding = 4; lastKnownFileType = sourcecode.c.h; path = VedioModel.h; sourceTree = "<group>"; };
		AA0B203D1CCCF49700E1AAD1 /* VedioModel.m */ = {isa = PBXFileReference; fileEncoding = 4; lastKnownFileType = sourcecode.c.objc; path = VedioModel.m; sourceTree = "<group>"; };
		AA0B20411CCCF88500E1AAD1 /* CollectionViewCell.h */ = {isa = PBXFileReference; fileEncoding = 4; lastKnownFileType = sourcecode.c.h; path = CollectionViewCell.h; sourceTree = "<group>"; };
		AA0B20421CCCF88500E1AAD1 /* CollectionViewCell.m */ = {isa = PBXFileReference; fileEncoding = 4; lastKnownFileType = sourcecode.c.objc; path = CollectionViewCell.m; sourceTree = "<group>"; };
		AA2019BE1CC0814500236A4D /* videoDemo.app */ = {isa = PBXFileReference; explicitFileType = wrapper.application; includeInIndex = 0; path = videoDemo.app; sourceTree = BUILT_PRODUCTS_DIR; };
		AA2019C21CC0814500236A4D /* main.m */ = {isa = PBXFileReference; lastKnownFileType = sourcecode.c.objc; path = main.m; sourceTree = "<group>"; };
		AA2019C41CC0814500236A4D /* AppDelegate.h */ = {isa = PBXFileReference; lastKnownFileType = sourcecode.c.h; path = AppDelegate.h; sourceTree = "<group>"; };
		AA2019C51CC0814500236A4D /* AppDelegate.m */ = {isa = PBXFileReference; lastKnownFileType = sourcecode.c.objc; path = AppDelegate.m; sourceTree = "<group>"; };
		AA2019CD1CC0814500236A4D /* Assets.xcassets */ = {isa = PBXFileReference; lastKnownFileType = folder.assetcatalog; path = Assets.xcassets; sourceTree = "<group>"; };
		AA2019D21CC0814500236A4D /* Info.plist */ = {isa = PBXFileReference; lastKnownFileType = text.plist.xml; path = Info.plist; sourceTree = "<group>"; };
		AA2019D71CC0814500236A4D /* videoDemoTests.xctest */ = {isa = PBXFileReference; explicitFileType = wrapper.cfbundle; includeInIndex = 0; path = videoDemoTests.xctest; sourceTree = BUILT_PRODUCTS_DIR; };
		AA2019DB1CC0814500236A4D /* videoDemoTests.m */ = {isa = PBXFileReference; lastKnownFileType = sourcecode.c.objc; path = videoDemoTests.m; sourceTree = "<group>"; };
		AA2019DD1CC0814500236A4D /* Info.plist */ = {isa = PBXFileReference; lastKnownFileType = text.plist.xml; path = Info.plist; sourceTree = "<group>"; };
		AA2019E21CC0814500236A4D /* videoDemoUITests.xctest */ = {isa = PBXFileReference; explicitFileType = wrapper.cfbundle; includeInIndex = 0; path = videoDemoUITests.xctest; sourceTree = BUILT_PRODUCTS_DIR; };
		AA2019E61CC0814500236A4D /* videoDemoUITests.m */ = {isa = PBXFileReference; lastKnownFileType = sourcecode.c.objc; path = videoDemoUITests.m; sourceTree = "<group>"; };
		AA2019E81CC0814500236A4D /* Info.plist */ = {isa = PBXFileReference; lastKnownFileType = text.plist.xml; path = Info.plist; sourceTree = "<group>"; };
		AA3646611CCC6796005383EB /* menuViewController.h */ = {isa = PBXFileReference; fileEncoding = 4; lastKnownFileType = sourcecode.c.h; path = menuViewController.h; sourceTree = "<group>"; };
		AA3646621CCC6796005383EB /* menuViewController.m */ = {isa = PBXFileReference; fileEncoding = 4; lastKnownFileType = sourcecode.c.objc; path = menuViewController.m; sourceTree = "<group>"; };
		AA3646751CCC77B9005383EB /* StoryCell.h */ = {isa = PBXFileReference; fileEncoding = 4; lastKnownFileType = sourcecode.c.h; path = StoryCell.h; sourceTree = "<group>"; };
		AA3646761CCC77B9005383EB /* StoryCell.m */ = {isa = PBXFileReference; fileEncoding = 4; lastKnownFileType = sourcecode.c.objc; path = StoryCell.m; sourceTree = "<group>"; };
		AA3646781CCC7930005383EB /* StoryModel.h */ = {isa = PBXFileReference; fileEncoding = 4; lastKnownFileType = sourcecode.c.h; path = StoryModel.h; sourceTree = "<group>"; };
		AA3646791CCC7930005383EB /* StoryModel.m */ = {isa = PBXFileReference; fileEncoding = 4; lastKnownFileType = sourcecode.c.objc; path = StoryModel.m; sourceTree = "<group>"; };
		AA36467C1CCC7ADF005383EB /* PrefixHeader.pch */ = {isa = PBXFileReference; fileEncoding = 4; lastKnownFileType = sourcecode.c.h; path = PrefixHeader.pch; sourceTree = "<group>"; };
		AA78E8131CC271D4005722A0 /* start@2x.png */ = {isa = PBXFileReference; lastKnownFileType = image.png; path = "start@2x.png"; sourceTree = "<group>"; };
		AA78E8151CC271DA005722A0 /* stop@2x.png */ = {isa = PBXFileReference; lastKnownFileType = image.png; path = "stop@2x.png"; sourceTree = "<group>"; };
		AA78E8171CC274CC005722A0 /* forward@2x.png */ = {isa = PBXFileReference; lastKnownFileType = image.png; path = "forward@2x.png"; sourceTree = "<group>"; };
		AA78E8181CC274CC005722A0 /* back@2x.png */ = {isa = PBXFileReference; lastKnownFileType = image.png; path = "back@2x.png"; sourceTree = "<group>"; };
		AA7A535F1CC319FB00A7B5BE /* PBJStrobeView.h */ = {isa = PBXFileReference; fileEncoding = 4; lastKnownFileType = sourcecode.c.h; path = PBJStrobeView.h; sourceTree = "<group>"; };
		AA7A53601CC319FB00A7B5BE /* PBJStrobeView.m */ = {isa = PBXFileReference; fileEncoding = 4; lastKnownFileType = sourcecode.c.objc; path = PBJStrobeView.m; sourceTree = "<group>"; };
		AA7A53611CC319FB00A7B5BE /* PBJViewController.h */ = {isa = PBXFileReference; fileEncoding = 4; lastKnownFileType = sourcecode.c.h; path = PBJViewController.h; sourceTree = "<group>"; };
		AA7A53621CC319FB00A7B5BE /* PBJViewController.m */ = {isa = PBXFileReference; fileEncoding = 4; lastKnownFileType = sourcecode.c.objc; path = PBJViewController.m; sourceTree = "<group>"; };
		AA7A53631CC319FB00A7B5BE /* PBJVision.h */ = {isa = PBXFileReference; fileEncoding = 4; lastKnownFileType = sourcecode.c.h; path = PBJVision.h; sourceTree = "<group>"; };
		AA7A53641CC319FB00A7B5BE /* PBJVision.m */ = {isa = PBXFileReference; fileEncoding = 4; lastKnownFileType = sourcecode.c.objc; path = PBJVision.m; sourceTree = "<group>"; };
		AA7A53651CC319FB00A7B5BE /* PBJVisionUtilities.h */ = {isa = PBXFileReference; fileEncoding = 4; lastKnownFileType = sourcecode.c.h; path = PBJVisionUtilities.h; sourceTree = "<group>"; };
		AA7A53661CC319FB00A7B5BE /* PBJVisionUtilities.m */ = {isa = PBXFileReference; fileEncoding = 4; lastKnownFileType = sourcecode.c.objc; path = PBJVisionUtilities.m; sourceTree = "<group>"; };
		AA90CF2C1CC237A600F32BF5 /* ora_startup_movie.mp4 */ = {isa = PBXFileReference; lastKnownFileType = file; path = ora_startup_movie.mp4; sourceTree = "<group>"; };
		B58595A12D734313BC2B5512 /* libPods.a */ = {isa = PBXFileReference; explicitFileType = archive.ar; includeInIndex = 0; path = libPods.a; sourceTree = BUILT_PRODUCTS_DIR; };
/* End PBXFileReference section */

/* Begin PBXFrameworksBuildPhase section */
		AA2019BB1CC0814500236A4D /* Frameworks */ = {
			isa = PBXFrameworksBuildPhase;
			buildActionMask = 2147483647;
			files = (
				83CFFB057C7C18326C4C140D /* libPods.a in Frameworks */,
			);
			runOnlyForDeploymentPostprocessing = 0;
		};
		AA2019D41CC0814500236A4D /* Frameworks */ = {
			isa = PBXFrameworksBuildPhase;
			buildActionMask = 2147483647;
			files = (
			);
			runOnlyForDeploymentPostprocessing = 0;
		};
		AA2019DF1CC0814500236A4D /* Frameworks */ = {
			isa = PBXFrameworksBuildPhase;
			buildActionMask = 2147483647;
			files = (
			);
			runOnlyForDeploymentPostprocessing = 0;
		};
/* End PBXFrameworksBuildPhase section */

/* Begin PBXGroup section */
		16123E891CC6056B00031557 /* Controllers */ = {
			isa = PBXGroup;
			children = (
				AA0B202F1CCCF3E600E1AAD1 /* SMAVPlayerViewController.h */,
				AA0B20301CCCF3E600E1AAD1 /* SMAVPlayerViewController.m */,
				AA0B20311CCCF3E600E1AAD1 /* SMAVPlayerViewController.xib */,
				AA0B20291CCCE6EA00E1AAD1 /* ViewController.h */,
				AA0B202A1CCCE6EA00E1AAD1 /* ViewController.m */,
				16123E8A1CC605B800031557 /* BaseViewController.h */,
				16123E8B1CC605B800031557 /* BaseViewController.m */,
				AA3646611CCC6796005383EB /* menuViewController.h */,
				AA3646621CCC6796005383EB /* menuViewController.m */,
				AA0B202C1CCCEF9C00E1AAD1 /* RecoadListViewController.h */,
				AA0B202D1CCCEF9C00E1AAD1 /* RecoadListViewController.m */,
			);
			path = Controllers;
			sourceTree = "<group>";
		};
		5559A151FD55834CB5C9DB6F /* Pods */ = {
			isa = PBXGroup;
			children = (
				4A1DA8651CA8C80BBB80AA46 /* Pods.debug.xcconfig */,
				64C422380631CB50D5CB98F6 /* Pods.release.xcconfig */,
			);
			name = Pods;
			sourceTree = "<group>";
		};
		6922FD01240A4CEC27ADA91B /* Frameworks */ = {
			isa = PBXGroup;
			children = (
				B58595A12D734313BC2B5512 /* libPods.a */,
			);
			name = Frameworks;
			sourceTree = "<group>";
		};
		AA0B20031CCCCF3000E1AAD1 /* utils */ = {
			isa = PBXGroup;
			children = (
				AA0B20341CCCF45600E1AAD1 /* SMSliderBar */,
				AA0B200D1CCCCFA300E1AAD1 /* Progressbar */,
				AA0B20041CCCCF3000E1AAD1 /* NSDate+SMDate.h */,
				AA0B20051CCCCF3000E1AAD1 /* NSDate+SMDate.m */,
				AA0B20061CCCCF3000E1AAD1 /* UIControl+RepeatClick.h */,
				AA0B20071CCCCF3000E1AAD1 /* UIControl+RepeatClick.m */,
				AA0B20081CCCCF3000E1AAD1 /* Utils.h */,
				AA0B20091CCCCF3000E1AAD1 /* Utils.m */,
			);
			path = utils;
			sourceTree = "<group>";
		};
		AA0B200D1CCCCFA300E1AAD1 /* Progressbar */ = {
			isa = PBXGroup;
			children = (
				AA0B200E1CCCCFA300E1AAD1 /* MBMessageTip.h */,
				AA0B200F1CCCCFA300E1AAD1 /* MBMessageTip.m */,
				AA0B20101CCCCFA300E1AAD1 /* MBProgressHUD.h */,
				AA0B20111CCCCFA300E1AAD1 /* MBProgressHUD.m */,
			);
			path = Progressbar;
			sourceTree = "<group>";
		};
		AA0B20141CCCD1F100E1AAD1 /* Image */ = {
			isa = PBXGroup;
			children = (
				AA0B20271CCCD72100E1AAD1 /* play_next.png */,
				AA0B20151CCCD1F100E1AAD1 /* back_button.png */,
				AA0B20161CCCD1F100E1AAD1 /* default_image_road.png */,
				AA0B20171CCCD1F100E1AAD1 /* IMG_0199.PNG */,
				AA0B20181CCCD1F100E1AAD1 /* me.png */,
				AA0B20191CCCD1F100E1AAD1 /* person_background.png */,
				AA0B201A1CCCD1F100E1AAD1 /* play_start.png */,
				AA0B201B1CCCD1F100E1AAD1 /* play_start@2x.png */,
				AA0B201C1CCCD1F100E1AAD1 /* play_stop.png */,
				AA0B201D1CCCD1F100E1AAD1 /* play_stop@2x.png */,
			);
			path = Image;
			sourceTree = "<group>";
		};
		AA0B20341CCCF45600E1AAD1 /* SMSliderBar */ = {
			isa = PBXGroup;
			children = (
				AA0B20351CCCF45600E1AAD1 /* SMSliderBar.h */,
				AA0B20361CCCF45600E1AAD1 /* SMSliderBar.m */,
			);
			path = SMSliderBar;
			sourceTree = "<group>";
		};
		AA2019B51CC0814500236A4D = {
			isa = PBXGroup;
			children = (
				AA2019C01CC0814500236A4D /* videoDemo */,
				AA2019DA1CC0814500236A4D /* videoDemoTests */,
				AA2019E51CC0814500236A4D /* videoDemoUITests */,
				AA2019BF1CC0814500236A4D /* Products */,
				5559A151FD55834CB5C9DB6F /* Pods */,
				6922FD01240A4CEC27ADA91B /* Frameworks */,
			);
			sourceTree = "<group>";
		};
		AA2019BF1CC0814500236A4D /* Products */ = {
			isa = PBXGroup;
			children = (
				AA2019BE1CC0814500236A4D /* videoDemo.app */,
				AA2019D71CC0814500236A4D /* videoDemoTests.xctest */,
				AA2019E21CC0814500236A4D /* videoDemoUITests.xctest */,
			);
			name = Products;
			sourceTree = "<group>";
		};
		AA2019C01CC0814500236A4D /* videoDemo */ = {
			isa = PBXGroup;
			children = (
				AA0B20141CCCD1F100E1AAD1 /* Image */,
				AA0B20031CCCCF3000E1AAD1 /* utils */,
				AA3646731CCC7775005383EB /* Models */,
				AA3646741CCC7775005383EB /* Views */,
				16123E891CC6056B00031557 /* Controllers */,
				AA7A535E1CC319FB00A7B5BE /* PBJVIsion */,
				AA90CF2B1CC237A600F32BF5 /* Resources */,
				AA2019C41CC0814500236A4D /* AppDelegate.h */,
				AA2019C51CC0814500236A4D /* AppDelegate.m */,
				AA2019CD1CC0814500236A4D /* Assets.xcassets */,
				AA2019D21CC0814500236A4D /* Info.plist */,
				AA2019C11CC0814500236A4D /* Supporting Files */,
			);
			path = videoDemo;
			sourceTree = "<group>";
		};
		AA2019C11CC0814500236A4D /* Supporting Files */ = {
			isa = PBXGroup;
			children = (
				AA36467C1CCC7ADF005383EB /* PrefixHeader.pch */,
				AA2019C21CC0814500236A4D /* main.m */,
			);
			name = "Supporting Files";
			sourceTree = "<group>";
		};
		AA2019DA1CC0814500236A4D /* videoDemoTests */ = {
			isa = PBXGroup;
			children = (
				AA2019DB1CC0814500236A4D /* videoDemoTests.m */,
				AA2019DD1CC0814500236A4D /* Info.plist */,
			);
			path = videoDemoTests;
			sourceTree = "<group>";
		};
		AA2019E51CC0814500236A4D /* videoDemoUITests */ = {
			isa = PBXGroup;
			children = (
				AA2019E61CC0814500236A4D /* videoDemoUITests.m */,
				AA2019E81CC0814500236A4D /* Info.plist */,
			);
			path = videoDemoUITests;
			sourceTree = "<group>";
		};
		AA3646731CCC7775005383EB /* Models */ = {
			isa = PBXGroup;
			children = (
				AA0B20381CCCF49600E1AAD1 /* UserVideo.h */,
				AA0B20391CCCF49600E1AAD1 /* UserVideo.m */,
				AA0B203A1CCCF49600E1AAD1 /* VedioHistory.h */,
				AA0B203B1CCCF49600E1AAD1 /* VedioHistory.m */,
				AA0B203C1CCCF49600E1AAD1 /* VedioModel.h */,
				AA0B203D1CCCF49700E1AAD1 /* VedioModel.m */,
				AA3646781CCC7930005383EB /* StoryModel.h */,
				AA3646791CCC7930005383EB /* StoryModel.m */,
			);
			path = Models;
			sourceTree = "<group>";
		};
		AA3646741CCC7775005383EB /* Views */ = {
			isa = PBXGroup;
			children = (
				AA3646751CCC77B9005383EB /* StoryCell.h */,
				AA3646761CCC77B9005383EB /* StoryCell.m */,
				AA0B20411CCCF88500E1AAD1 /* CollectionViewCell.h */,
				AA0B20421CCCF88500E1AAD1 /* CollectionViewCell.m */,
			);
			path = Views;
			sourceTree = "<group>";
		};
		AA7A535E1CC319FB00A7B5BE /* PBJVIsion */ = {
			isa = PBXGroup;
			children = (
				AA7A535F1CC319FB00A7B5BE /* PBJStrobeView.h */,
				AA7A53601CC319FB00A7B5BE /* PBJStrobeView.m */,
				AA7A53611CC319FB00A7B5BE /* PBJViewController.h */,
				AA7A53621CC319FB00A7B5BE /* PBJViewController.m */,
				AA7A53631CC319FB00A7B5BE /* PBJVision.h */,
				AA7A53641CC319FB00A7B5BE /* PBJVision.m */,
				AA7A53651CC319FB00A7B5BE /* PBJVisionUtilities.h */,
				AA7A53661CC319FB00A7B5BE /* PBJVisionUtilities.m */,
			);
			path = PBJVIsion;
			sourceTree = "<group>";
		};
		AA90CF2B1CC237A600F32BF5 /* Resources */ = {
			isa = PBXGroup;
			children = (
				16123E921CC60E3A00031557 /* capture_flip@2x.png */,
				16123E931CC60E3A00031557 /* capture_rec_base@2x.png */,
				16123E941CC60E3A00031557 /* capture_rec_blink@2x.png */,
				16123E951CC60E3A00031557 /* capture_rec_off@2x.png */,
				16123E961CC60E3A00031557 /* capture_yep@2x.png */,
				16123E901CC60BC100031557 /* record@2x.png */,
				AA78E8151CC271DA005722A0 /* stop@2x.png */,
				AA78E8131CC271D4005722A0 /* start@2x.png */,
				AA78E8171CC274CC005722A0 /* forward@2x.png */,
				AA78E8181CC274CC005722A0 /* back@2x.png */,
				AA90CF2C1CC237A600F32BF5 /* ora_startup_movie.mp4 */,
			);
			path = Resources;
			sourceTree = "<group>";
		};
/* End PBXGroup section */

/* Begin PBXNativeTarget section */
		AA2019BD1CC0814500236A4D /* videoDemo */ = {
			isa = PBXNativeTarget;
			buildConfigurationList = AA2019EB1CC0814500236A4D /* Build configuration list for PBXNativeTarget "videoDemo" */;
			buildPhases = (
				38E20352A85249CFEA5DE4A5 /* Check Pods Manifest.lock */,
				AA2019BA1CC0814500236A4D /* Sources */,
				AA2019BB1CC0814500236A4D /* Frameworks */,
				AA2019BC1CC0814500236A4D /* Resources */,
				C016868BBDE6A9057DA4B66C /* Embed Pods Frameworks */,
				503C5D5F3A5F20088F496206 /* Copy Pods Resources */,
			);
			buildRules = (
			);
			dependencies = (
			);
			name = videoDemo;
			productName = videoDemo;
			productReference = AA2019BE1CC0814500236A4D /* videoDemo.app */;
			productType = "com.apple.product-type.application";
		};
		AA2019D61CC0814500236A4D /* videoDemoTests */ = {
			isa = PBXNativeTarget;
			buildConfigurationList = AA2019EE1CC0814500236A4D /* Build configuration list for PBXNativeTarget "videoDemoTests" */;
			buildPhases = (
				AA2019D31CC0814500236A4D /* Sources */,
				AA2019D41CC0814500236A4D /* Frameworks */,
				AA2019D51CC0814500236A4D /* Resources */,
			);
			buildRules = (
			);
			dependencies = (
				AA2019D91CC0814500236A4D /* PBXTargetDependency */,
			);
			name = videoDemoTests;
			productName = videoDemoTests;
			productReference = AA2019D71CC0814500236A4D /* videoDemoTests.xctest */;
			productType = "com.apple.product-type.bundle.unit-test";
		};
		AA2019E11CC0814500236A4D /* videoDemoUITests */ = {
			isa = PBXNativeTarget;
			buildConfigurationList = AA2019F11CC0814500236A4D /* Build configuration list for PBXNativeTarget "videoDemoUITests" */;
			buildPhases = (
				AA2019DE1CC0814500236A4D /* Sources */,
				AA2019DF1CC0814500236A4D /* Frameworks */,
				AA2019E01CC0814500236A4D /* Resources */,
			);
			buildRules = (
			);
			dependencies = (
				AA2019E41CC0814500236A4D /* PBXTargetDependency */,
			);
			name = videoDemoUITests;
			productName = videoDemoUITests;
			productReference = AA2019E21CC0814500236A4D /* videoDemoUITests.xctest */;
			productType = "com.apple.product-type.bundle.ui-testing";
		};
/* End PBXNativeTarget section */

/* Begin PBXProject section */
		AA2019B61CC0814500236A4D /* Project object */ = {
			isa = PBXProject;
			attributes = {
				LastUpgradeCheck = 0720;
				ORGANIZATIONNAME = SHANPX;
				TargetAttributes = {
					AA2019BD1CC0814500236A4D = {
						CreatedOnToolsVersion = 7.2;
						DevelopmentTeam = DC3DP2UZ7D;
						SystemCapabilities = {
							com.apple.BackgroundModes = {
								enabled = 1;
							};
						};
					};
					AA2019D61CC0814500236A4D = {
						CreatedOnToolsVersion = 7.2;
						TestTargetID = AA2019BD1CC0814500236A4D;
					};
					AA2019E11CC0814500236A4D = {
						CreatedOnToolsVersion = 7.2;
						TestTargetID = AA2019BD1CC0814500236A4D;
					};
				};
			};
			buildConfigurationList = AA2019B91CC0814500236A4D /* Build configuration list for PBXProject "videoDemo" */;
			compatibilityVersion = "Xcode 3.2";
			developmentRegion = English;
			hasScannedForEncodings = 0;
			knownRegions = (
				en,
				Base,
			);
			mainGroup = AA2019B51CC0814500236A4D;
			productRefGroup = AA2019BF1CC0814500236A4D /* Products */;
			projectDirPath = "";
			projectRoot = "";
			targets = (
				AA2019BD1CC0814500236A4D /* videoDemo */,
				AA2019D61CC0814500236A4D /* videoDemoTests */,
				AA2019E11CC0814500236A4D /* videoDemoUITests */,
			);
		};
/* End PBXProject section */

/* Begin PBXResourcesBuildPhase section */
		AA2019BC1CC0814500236A4D /* Resources */ = {
			isa = PBXResourcesBuildPhase;
			buildActionMask = 2147483647;
			files = (
				AA2019CE1CC0814500236A4D /* Assets.xcassets in Resources */,
				AA0B201E1CCCD1F100E1AAD1 /* back_button.png in Resources */,
				16123E9A1CC60E3A00031557 /* capture_rec_off@2x.png in Resources */,
				AA0B20331CCCF3E600E1AAD1 /* SMAVPlayerViewController.xib in Resources */,
				16123E981CC60E3A00031557 /* capture_rec_base@2x.png in Resources */,
				AA0B20251CCCD1F100E1AAD1 /* play_stop.png in Resources */,
				AA78E8161CC271DA005722A0 /* stop@2x.png in Resources */,
				16123E911CC60BC100031557 /* record@2x.png in Resources */,
				AA78E81A1CC274CC005722A0 /* back@2x.png in Resources */,
				AA78E8141CC271D4005722A0 /* start@2x.png in Resources */,
				AA90CF2D1CC237A600F32BF5 /* ora_startup_movie.mp4 in Resources */,
				16123E9B1CC60E3A00031557 /* capture_yep@2x.png in Resources */,
				16123E991CC60E3A00031557 /* capture_rec_blink@2x.png in Resources */,
				AA0B20221CCCD1F100E1AAD1 /* person_background.png in Resources */,
				AA0B201F1CCCD1F100E1AAD1 /* default_image_road.png in Resources */,
				AA0B20211CCCD1F100E1AAD1 /* me.png in Resources */,
				AA0B20261CCCD1F100E1AAD1 /* play_stop@2x.png in Resources */,
				AA0B20231CCCD1F100E1AAD1 /* play_start.png in Resources */,
				AA0B20281CCCD72100E1AAD1 /* play_next.png in Resources */,
				16123E971CC60E3A00031557 /* capture_flip@2x.png in Resources */,
				AA0B20241CCCD1F100E1AAD1 /* play_start@2x.png in Resources */,
				AA0B20201CCCD1F100E1AAD1 /* IMG_0199.PNG in Resources */,
				AA78E8191CC274CC005722A0 /* forward@2x.png in Resources */,
			);
			runOnlyForDeploymentPostprocessing = 0;
		};
		AA2019D51CC0814500236A4D /* Resources */ = {
			isa = PBXResourcesBuildPhase;
			buildActionMask = 2147483647;
			files = (
			);
			runOnlyForDeploymentPostprocessing = 0;
		};
		AA2019E01CC0814500236A4D /* Resources */ = {
			isa = PBXResourcesBuildPhase;
			buildActionMask = 2147483647;
			files = (
			);
			runOnlyForDeploymentPostprocessing = 0;
		};
/* End PBXResourcesBuildPhase section */

/* Begin PBXShellScriptBuildPhase section */
		38E20352A85249CFEA5DE4A5 /* Check Pods Manifest.lock */ = {
			isa = PBXShellScriptBuildPhase;
			buildActionMask = 2147483647;
			files = (
			);
			inputPaths = (
			);
			name = "Check Pods Manifest.lock";
			outputPaths = (
			);
			runOnlyForDeploymentPostprocessing = 0;
			shellPath = /bin/sh;
			shellScript = "diff \"${PODS_ROOT}/../Podfile.lock\" \"${PODS_ROOT}/Manifest.lock\" > /dev/null\nif [[ $? != 0 ]] ; then\n    cat << EOM\nerror: The sandbox is not in sync with the Podfile.lock. Run 'pod install' or update your CocoaPods installation.\nEOM\n    exit 1\nfi\n";
			showEnvVarsInLog = 0;
		};
		503C5D5F3A5F20088F496206 /* Copy Pods Resources */ = {
			isa = PBXShellScriptBuildPhase;
			buildActionMask = 2147483647;
			files = (
			);
			inputPaths = (
			);
			name = "Copy Pods Resources";
			outputPaths = (
			);
			runOnlyForDeploymentPostprocessing = 0;
			shellPath = /bin/sh;
			shellScript = "\"${SRCROOT}/Pods/Target Support Files/Pods/Pods-resources.sh\"\n";
			showEnvVarsInLog = 0;
		};
		C016868BBDE6A9057DA4B66C /* Embed Pods Frameworks */ = {
			isa = PBXShellScriptBuildPhase;
			buildActionMask = 2147483647;
			files = (
			);
			inputPaths = (
			);
			name = "Embed Pods Frameworks";
			outputPaths = (
			);
			runOnlyForDeploymentPostprocessing = 0;
			shellPath = /bin/sh;
			shellScript = "\"${SRCROOT}/Pods/Target Support Files/Pods/Pods-frameworks.sh\"\n";
			showEnvVarsInLog = 0;
		};
/* End PBXShellScriptBuildPhase section */

/* Begin PBXSourcesBuildPhase section */
		AA2019BA1CC0814500236A4D /* Sources */ = {
			isa = PBXSourcesBuildPhase;
			buildActionMask = 2147483647;
			files = (
				AA0B203E1CCCF49700E1AAD1 /* UserVideo.m in Sources */,
				AA7A53671CC319FB00A7B5BE /* PBJStrobeView.m in Sources */,
				AA0B200C1CCCCF3000E1AAD1 /* Utils.m in Sources */,
				AA3646631CCC6796005383EB /* menuViewController.m in Sources */,
				AA0B202B1CCCE6EA00E1AAD1 /* ViewController.m in Sources */,
				AA2019C61CC0814500236A4D /* AppDelegate.m in Sources */,
				AA7A53681CC319FB00A7B5BE /* PBJViewController.m in Sources */,
				AA0B20401CCCF49700E1AAD1 /* VedioModel.m in Sources */,
				AA0B20371CCCF45600E1AAD1 /* SMSliderBar.m in Sources */,
				AA0B203F1CCCF49700E1AAD1 /* VedioHistory.m in Sources */,
				AA0B20131CCCCFA300E1AAD1 /* MBProgressHUD.m in Sources */,
				AA0B20431CCCF88500E1AAD1 /* CollectionViewCell.m in Sources */,
				AA0B200A1CCCCF3000E1AAD1 /* NSDate+SMDate.m in Sources */,
				AA0B200B1CCCCF3000E1AAD1 /* UIControl+RepeatClick.m in Sources */,
				AA7A53691CC319FB00A7B5BE /* PBJVision.m in Sources */,
				AA36467A1CCC7930005383EB /* StoryModel.m in Sources */,
				AA0B202E1CCCEF9C00E1AAD1 /* RecoadListViewController.m in Sources */,
				AA2019C31CC0814500236A4D /* main.m in Sources */,
				16123E8E1CC605B800031557 /* BaseViewController.m in Sources */,
				AA3646771CCC77B9005383EB /* StoryCell.m in Sources */,
				AA0B20321CCCF3E600E1AAD1 /* SMAVPlayerViewController.m in Sources */,
				AA0B20121CCCCFA300E1AAD1 /* MBMessageTip.m in Sources */,
				AA7A536A1CC319FB00A7B5BE /* PBJVisionUtilities.m in Sources */,
			);
			runOnlyForDeploymentPostprocessing = 0;
		};
		AA2019D31CC0814500236A4D /* Sources */ = {
			isa = PBXSourcesBuildPhase;
			buildActionMask = 2147483647;
			files = (
				AA2019DC1CC0814500236A4D /* videoDemoTests.m in Sources */,
			);
			runOnlyForDeploymentPostprocessing = 0;
		};
		AA2019DE1CC0814500236A4D /* Sources */ = {
			isa = PBXSourcesBuildPhase;
			buildActionMask = 2147483647;
			files = (
				AA2019E71CC0814500236A4D /* videoDemoUITests.m in Sources */,
			);
			runOnlyForDeploymentPostprocessing = 0;
		};
/* End PBXSourcesBuildPhase section */

/* Begin PBXTargetDependency section */
		AA2019D91CC0814500236A4D /* PBXTargetDependency */ = {
			isa = PBXTargetDependency;
			target = AA2019BD1CC0814500236A4D /* videoDemo */;
			targetProxy = AA2019D81CC0814500236A4D /* PBXContainerItemProxy */;
		};
		AA2019E41CC0814500236A4D /* PBXTargetDependency */ = {
			isa = PBXTargetDependency;
			target = AA2019BD1CC0814500236A4D /* videoDemo */;
			targetProxy = AA2019E31CC0814500236A4D /* PBXContainerItemProxy */;
		};
/* End PBXTargetDependency section */

/* Begin XCBuildConfiguration section */
		AA2019E91CC0814500236A4D /* Debug */ = {
			isa = XCBuildConfiguration;
			buildSettings = {
				ALWAYS_SEARCH_USER_PATHS = NO;
				CLANG_CXX_LANGUAGE_STANDARD = "gnu++0x";
				CLANG_CXX_LIBRARY = "libc++";
				CLANG_ENABLE_MODULES = YES;
				CLANG_ENABLE_OBJC_ARC = YES;
				CLANG_WARN_BOOL_CONVERSION = YES;
				CLANG_WARN_CONSTANT_CONVERSION = YES;
				CLANG_WARN_DIRECT_OBJC_ISA_USAGE = YES_ERROR;
				CLANG_WARN_EMPTY_BODY = YES;
				CLANG_WARN_ENUM_CONVERSION = YES;
				CLANG_WARN_INT_CONVERSION = YES;
				CLANG_WARN_OBJC_ROOT_CLASS = YES_ERROR;
				CLANG_WARN_UNREACHABLE_CODE = YES;
				CLANG_WARN__DUPLICATE_METHOD_MATCH = YES;
				"CODE_SIGN_IDENTITY[sdk=iphoneos*]" = "iPhone Developer";
				COPY_PHASE_STRIP = NO;
				DEBUG_INFORMATION_FORMAT = dwarf;
				ENABLE_STRICT_OBJC_MSGSEND = YES;
				ENABLE_TESTABILITY = YES;
				GCC_C_LANGUAGE_STANDARD = gnu99;
				GCC_DYNAMIC_NO_PIC = NO;
				GCC_NO_COMMON_BLOCKS = YES;
				GCC_OPTIMIZATION_LEVEL = 0;
				GCC_PREPROCESSOR_DEFINITIONS = (
					"DEBUG=1",
					"$(inherited)",
				);
				GCC_WARN_64_TO_32_BIT_CONVERSION = YES;
				GCC_WARN_ABOUT_RETURN_TYPE = YES_ERROR;
				GCC_WARN_UNDECLARED_SELECTOR = YES;
				GCC_WARN_UNINITIALIZED_AUTOS = YES_AGGRESSIVE;
				GCC_WARN_UNUSED_FUNCTION = YES;
				GCC_WARN_UNUSED_VARIABLE = YES;
				IPHONEOS_DEPLOYMENT_TARGET = 9.2;
				MTL_ENABLE_DEBUG_INFO = YES;
				ONLY_ACTIVE_ARCH = YES;
				SDKROOT = iphoneos;
			};
			name = Debug;
		};
		AA2019EA1CC0814500236A4D /* Release */ = {
			isa = XCBuildConfiguration;
			buildSettings = {
				ALWAYS_SEARCH_USER_PATHS = NO;
				CLANG_CXX_LANGUAGE_STANDARD = "gnu++0x";
				CLANG_CXX_LIBRARY = "libc++";
				CLANG_ENABLE_MODULES = YES;
				CLANG_ENABLE_OBJC_ARC = YES;
				CLANG_WARN_BOOL_CONVERSION = YES;
				CLANG_WARN_CONSTANT_CONVERSION = YES;
				CLANG_WARN_DIRECT_OBJC_ISA_USAGE = YES_ERROR;
				CLANG_WARN_EMPTY_BODY = YES;
				CLANG_WARN_ENUM_CONVERSION = YES;
				CLANG_WARN_INT_CONVERSION = YES;
				CLANG_WARN_OBJC_ROOT_CLASS = YES_ERROR;
				CLANG_WARN_UNREACHABLE_CODE = YES;
				CLANG_WARN__DUPLICATE_METHOD_MATCH = YES;
				"CODE_SIGN_IDENTITY[sdk=iphoneos*]" = "iPhone Developer";
				COPY_PHASE_STRIP = NO;
				DEBUG_INFORMATION_FORMAT = "dwarf-with-dsym";
				ENABLE_NS_ASSERTIONS = NO;
				ENABLE_STRICT_OBJC_MSGSEND = YES;
				GCC_C_LANGUAGE_STANDARD = gnu99;
				GCC_NO_COMMON_BLOCKS = YES;
				GCC_WARN_64_TO_32_BIT_CONVERSION = YES;
				GCC_WARN_ABOUT_RETURN_TYPE = YES_ERROR;
				GCC_WARN_UNDECLARED_SELECTOR = YES;
				GCC_WARN_UNINITIALIZED_AUTOS = YES_AGGRESSIVE;
				GCC_WARN_UNUSED_FUNCTION = YES;
				GCC_WARN_UNUSED_VARIABLE = YES;
				IPHONEOS_DEPLOYMENT_TARGET = 9.2;
				MTL_ENABLE_DEBUG_INFO = NO;
				SDKROOT = iphoneos;
				VALIDATE_PRODUCT = YES;
			};
			name = Release;
		};
		AA2019EC1CC0814500236A4D /* Debug */ = {
			isa = XCBuildConfiguration;
			baseConfigurationReference = 4A1DA8651CA8C80BBB80AA46 /* Pods.debug.xcconfig */;
			buildSettings = {
				ASSETCATALOG_COMPILER_APPICON_NAME = AppIcon;
				CODE_SIGN_IDENTITY = "iPhone Developer";
				GCC_PREFIX_HEADER = videoDemo/PrefixHeader.pch;
				INFOPLIST_FILE = videoDemo/Info.plist;
				IPHONEOS_DEPLOYMENT_TARGET = 8.0;
				LD_RUNPATH_SEARCH_PATHS = "$(inherited) @executable_path/Frameworks";
				PRODUCT_BUNDLE_IDENTIFIER = com.oradt.youkong;
				PRODUCT_NAME = "$(TARGET_NAME)";
			};
			name = Debug;
		};
		AA2019ED1CC0814500236A4D /* Release */ = {
			isa = XCBuildConfiguration;
			baseConfigurationReference = 64C422380631CB50D5CB98F6 /* Pods.release.xcconfig */;
			buildSettings = {
				ASSETCATALOG_COMPILER_APPICON_NAME = AppIcon;
				CODE_SIGN_IDENTITY = "iPhone Developer";
				GCC_PREFIX_HEADER = videoDemo/PrefixHeader.pch;
				INFOPLIST_FILE = videoDemo/Info.plist;
				IPHONEOS_DEPLOYMENT_TARGET = 8.0;
				LD_RUNPATH_SEARCH_PATHS = "$(inherited) @executable_path/Frameworks";
				PRODUCT_BUNDLE_IDENTIFIER = com.oradt.youkong;
				PRODUCT_NAME = "$(TARGET_NAME)";
			};
			name = Release;
		};
		AA2019EF1CC0814500236A4D /* Debug */ = {
			isa = XCBuildConfiguration;
			buildSettings = {
				BUNDLE_LOADER = "$(TEST_HOST)";
				INFOPLIST_FILE = videoDemoTests/Info.plist;
				LD_RUNPATH_SEARCH_PATHS = "$(inherited) @executable_path/Frameworks @loader_path/Frameworks";
				PRODUCT_BUNDLE_IDENTIFIER = com.oradt.youkong;
				PRODUCT_NAME = "$(TARGET_NAME)";
				TEST_HOST = "$(BUILT_PRODUCTS_DIR)/videoDemo.app/videoDemo";
			};
			name = Debug;
		};
		AA2019F01CC0814500236A4D /* Release */ = {
			isa = XCBuildConfiguration;
			buildSettings = {
				BUNDLE_LOADER = "$(TEST_HOST)";
				INFOPLIST_FILE = videoDemoTests/Info.plist;
				LD_RUNPATH_SEARCH_PATHS = "$(inherited) @executable_path/Frameworks @loader_path/Frameworks";
				PRODUCT_BUNDLE_IDENTIFIER = com.oradt.youkong;
				PRODUCT_NAME = "$(TARGET_NAME)";
				TEST_HOST = "$(BUILT_PRODUCTS_DIR)/videoDemo.app/videoDemo";
			};
			name = Release;
		};
		AA2019F21CC0814500236A4D /* Debug */ = {
			isa = XCBuildConfiguration;
			buildSettings = {
				INFOPLIST_FILE = videoDemoUITests/Info.plist;
				LD_RUNPATH_SEARCH_PATHS = "$(inherited) @executable_path/Frameworks @loader_path/Frameworks";
				PRODUCT_BUNDLE_IDENTIFIER = com.oradt.youkong;
				PRODUCT_NAME = "$(TARGET_NAME)";
				TEST_TARGET_NAME = videoDemo;
				USES_XCTRUNNER = YES;
			};
			name = Debug;
		};
		AA2019F31CC0814500236A4D /* Release */ = {
			isa = XCBuildConfiguration;
			buildSettings = {
				INFOPLIST_FILE = videoDemoUITests/Info.plist;
				LD_RUNPATH_SEARCH_PATHS = "$(inherited) @executable_path/Frameworks @loader_path/Frameworks";
				PRODUCT_BUNDLE_IDENTIFIER = com.oradt.youkong;
				PRODUCT_NAME = "$(TARGET_NAME)";
				TEST_TARGET_NAME = videoDemo;
				USES_XCTRUNNER = YES;
			};
			name = Release;
		};
/* End XCBuildConfiguration section */

/* Begin XCConfigurationList section */
		AA2019B91CC0814500236A4D /* Build configuration list for PBXProject "videoDemo" */ = {
			isa = XCConfigurationList;
			buildConfigurations = (
				AA2019E91CC0814500236A4D /* Debug */,
				AA2019EA1CC0814500236A4D /* Release */,
			);
			defaultConfigurationIsVisible = 0;
			defaultConfigurationName = Release;
		};
		AA2019EB1CC0814500236A4D /* Build configuration list for PBXNativeTarget "videoDemo" */ = {
			isa = XCConfigurationList;
			buildConfigurations = (
				AA2019EC1CC0814500236A4D /* Debug */,
				AA2019ED1CC0814500236A4D /* Release */,
			);
			defaultConfigurationIsVisible = 0;
			defaultConfigurationName = Release;
		};
		AA2019EE1CC0814500236A4D /* Build configuration list for PBXNativeTarget "videoDemoTests" */ = {
			isa = XCConfigurationList;
			buildConfigurations = (
				AA2019EF1CC0814500236A4D /* Debug */,
				AA2019F01CC0814500236A4D /* Release */,
			);
			defaultConfigurationIsVisible = 0;
			defaultConfigurationName = Release;
		};
		AA2019F11CC0814500236A4D /* Build configuration list for PBXNativeTarget "videoDemoUITests" */ = {
			isa = XCConfigurationList;
			buildConfigurations = (
				AA2019F21CC0814500236A4D /* Debug */,
				AA2019F31CC0814500236A4D /* Release */,
			);
			defaultConfigurationIsVisible = 0;
			defaultConfigurationName = Release;
		};
/* End XCConfigurationList section */
	};
	rootObject = AA2019B61CC0814500236A4D /* Project object */;
}
